lockfileVersion: "9.0"

settings:
  autoInstallPeers: true
  excludeLinksFromLockfile: false

importers:
  .:
    dependencies:
      "@aws-sdk/client-bedrock-runtime":
        specifier: ^3.600.0
        version: 3.1048.0
      "@aws-sdk/client-dynamodb":
        specifier: ^3.600.0
        version: 3.1048.0
      "@aws-sdk/client-lambda":
        specifier: ^3.600.0
        version: 3.1048.0
      "@aws-sdk/client-s3":
        specifier: ^3.600.0
        version: 3.1048.0
      "@aws-sdk/client-textract":
        specifier: ^3.600.0
        version: 3.1048.0
      "@aws-sdk/lib-dynamodb":
        specifier: ^3.600.0
        version: 3.1048.0(@aws-sdk/client-dynamodb@3.1048.0)
      "@aws-sdk/s3-request-presigner":
        specifier: ^3.600.0
        version: 3.1048.0
    devDependencies:
      "@types/aws-lambda":
        specifier: ^8.10.140
        version: 8.10.161
      "@types/node":
        specifier: ^20.0.0
        version: 20.19.41
      esbuild:
        specifier: ^0.21.0
        version: 0.21.5
      typescript:
        specifier: ^5.4.0
        version: 5.9.3

packages:
  "@aws-crypto/crc32@5.2.0":
    resolution:
      {
        integrity: sha512-nLbCWqQNgUiwwtFsen1AdzAtvuLRsQS8rYgMuxCrdKf9kOssamGLuPwyTY9wyYblNr9+1XM8v6zoDTPPSIeANg==,
      }
    engines: { node: ">=16.0.0" }

  "@aws-crypto/crc32c@5.2.0":
    resolution:
      {
        integrity: sha512-+iWb8qaHLYKrNvGRbiYRHSdKRWhto5XlZUEBwDjYNf+ly5SVYG6zEoYIdxvf5R3zyeP16w4PLBn3rH1xc74Rag==,
      }

  "@aws-crypto/sha1-browser@5.2.0":
    resolution:
      {
        integrity: sha512-OH6lveCFfcDjX4dbAvCFSYUjJZjDr/3XJ3xHtjn3Oj5b9RjojQo8npoLeA/bNwkOkrSQ0wgrHzXk4tDRxGKJeg==,
      }

  "@aws-crypto/sha256-browser@5.2.0":
    resolution:
      {
        integrity: sha512-AXfN/lGotSQwu6HNcEsIASo7kWXZ5HYWvfOmSNKDsEqC4OashTp8alTmaz+F7TC2L083SFv5RdB+qU3Vs1kZqw==,
      }

  "@aws-crypto/sha256-js@5.2.0":
    resolution:
      {
        integrity: sha512-FFQQyu7edu4ufvIZ+OadFpHHOt+eSTBaYaki44c+akjg7qZg9oOQeLlk77F6tSYqjDAFClrHJk9tMf0HdVyOvA==,
      }
    engines: { node: ">=16.0.0" }

  "@aws-crypto/supports-web-crypto@5.2.0":
    resolution:
      {
        integrity: sha512-iAvUotm021kM33eCdNfwIN//F77/IADDSs58i+MDaOqFrVjZo9bAal0NK7HurRuWLLpF1iLX7gbWrjHjeo+YFg==,
      }

  "@aws-crypto/util@5.2.0":
    resolution:
      {
        integrity: sha512-4RkU9EsI6ZpBve5fseQlGNUWKMa1RLPQ1dnjnQoe07ldfIzcsGb5hC5W0Dm7u423KWzawlrpbjXBrXCEv9zazQ==,
      }

  "@aws-sdk/client-bedrock-runtime@3.1048.0":
    resolution:
      {
        integrity: sha512-u+NT61JZEkRFtpL0CAw1N1dwxnaLgwVXQl/zjJxTGgLyS/jTIdg2SdoEoCTHxgDyCnqa1HEi9QOoE9/pYRNpOQ==,
      }
    engines: { node: ">=20.0.0" }

  "@aws-sdk/client-dynamodb@3.1048.0":
    resolution:
      {
        integrity: sha512-253MF+BhKKKppRp6f/zs8bFXCknR6vD+7Myd/pIsFcrsk+Yu2Koqyr5JXVsHPgxDtpFvjY90Iegtc8Q+MmaPww==,
      }
    engines: { node: ">=20.0.0" }

  "@aws-sdk/client-lambda@3.1048.0":
    resolution:
      {
        integrity: sha512-ryEYNVdilyWkKsOs/7Xy/l7+qjtSz4sll8NpcWD6AtONxjG/5OMaAhxxDkQb4iBoNMKnISxsARzQAp/Wa8pXIg==,
      }
    engines: { node: ">=20.0.0" }

  "@aws-sdk/client-s3@3.1048.0":
    resolution:
      {
        integrity: sha512-SrJn5FteqqtcDBgQIvqLKk3Qn/2vSsi5XR03I53EDDR4CbCdLysVSNgUnjVncEECMua9Pz+nxO0/lEx3TP+6mA==,
      }
    engines: { node: ">=20.0.0" }

  "@aws-sdk/client-textract@3.1048.0":
    resolution:
      {
        integrity: sha512-NX792ydMLDYLRao47VSo7Gk4MyDCyUikT64gNYfyADMyRNkuAlwNKRD/b8S5N5DTitCvGZbzxMo6iKuj9w7xMQ==,
      }
    engines: { node: ">=20.0.0" }

  "@aws-sdk/core@3.974.11":
    resolution:
      {
        integrity: sha512-QpnINq5FZH6EOaDEkmHdT7eUunbvD27pDNQypaWjFyYz7Zl1q3UCMQErBZxpmfGfI7MvI2TlK8KTkgNpv8b1ug==,
      }
    engines: { node: ">=20.0.0" }

  "@aws-sdk/crc64-nvme@3.972.8":
    resolution:
      {
        integrity: sha512-fVfUCL/Xh2zINYMPZvj+iBn6XWouQf0DAnjaWCI9MkmqXzL2Iy5FoQB8O7syFe6gN6AH1ecDDU58T51Ou0kFkA==,
      }
    engines: { node: ">=20.0.0" }

  "@aws-sdk/credential-provider-env@3.972.37":
    resolution:
      {
        integrity: sha512-/jpPvEh6f7ntmIzf7dNxoNX6Q8vt8UpesCjbW6mFfk4V1NW6bIy9qxcQ6WbA8As5yQhsZOe+xeNd4xHX8kdY2Q==,
      }
    engines: { node: ">=20.0.0" }

  "@aws-sdk/credential-provider-http@3.972.39":
    resolution:
      {
        integrity: sha512-pIgTpisWyWg7X1bUbzSjuUYosYTD0Ghz2M0hkSTmb3a6i3qV3uU+NYJPI/E2XSC0HcsZh5rsLPzeXrkb2DS0Cg==,
      }
    engines: { node: ">=20.0.0" }

  "@aws-sdk/credential-provider-ini@3.972.41":
    resolution:
      {
        integrity: sha512-u2tyjaxJJzW8UtW4SM1ZcPMDwO6y+kV+llvou+Adts0FAKyzes5jG4izQN+KX3yE8ZROpS5y1LJ//xL2iSf76w==,
      }
    engines: { node: ">=20.0.0" }

  "@aws-sdk/credential-provider-login@3.972.41":
    resolution:
      {
        integrity: sha512-0LBitxXiAiaE5nlFPfpNIww/8FRY/I7WIndWsc9GmNFOM7cE1wNpVNQEGEk9Outg5l8xl+3vybxFyUy4l9q/LQ==,
      }
    engines: { node: ">=20.0.0" }

  "@aws-sdk/credential-provider-node@3.972.42":
    resolution:
      {
        integrity: sha512-D4oon2zbqqsWOJUM99Gm3/ZyJ0IJvTXVN3PyloGb3kQEyI36fjCZheZj422lAgTWWd6TSHgiImLt3RIaLdv3dQ==,
      }
    engines: { node: ">=20.0.0" }

  "@aws-sdk/credential-provider-process@3.972.37":
    resolution:
      {
        integrity: sha512-7nVaHBUaWIddASYfVaA9O4D5ZVjewU3sCol9WqZPGfW0nR+0WqE0xHZnD/U2L33PlOB8KNXGKZ6wOES/QijKzg==,
      }
    engines: { node: ">=20.0.0" }

  "@aws-sdk/credential-provider-sso@3.972.41":
    resolution:
      {
        integrity: sha512-IOWAWEHe5LkjSKkkUUX9ciV6Y1scHTsnfEkdt5yyC4Slrc7AGbkLPrpntjqh18ksJAMOaVhoBsO8p2WyTcY2wQ==,
      }
    engines: { node: ">=20.0.0" }

  "@aws-sdk/credential-provider-web-identity@3.972.41":
    resolution:
      {
        integrity: sha512-mbACk9Yypa8nm4iGZLs0PofOXEcTDOUw6wDnsPXNDNSd2WNXs1tSo+6nc/fh0jLYdfVZThhBL98PHW4aXFsG5A==,
      }
    engines: { node: ">=20.0.0" }

  "@aws-sdk/dynamodb-codec@3.973.11":
    resolution:
      {
        integrity: sha512-9BLkRYlLwwVlFg3RWOXGkmwXM7kDz0Adi/4+O8SvvdiW9kkPiHGSKPuJHdxUAHJROop0zjlpqKVT+R6Z5CPIXg==,
      }
    engines: { node: ">=20.0.0" }

  "@aws-sdk/endpoint-cache@3.972.5":
    resolution:
      {
        integrity: sha512-itVdge0NozgtgmtbZ25FVwWU3vGlE7x7feE/aOEJNkQfEpbkrF8Rj1QmnK+2blFfYE1xWt/iU+6/jUp/pv1+MA==,
      }
    engines: { node: ">=20.0.0" }

  "@aws-sdk/eventstream-handler-node@3.972.16":
    resolution:
      {
        integrity: sha512-yedpPgKftqjU5SlPFHfqWpOw6xSCRieWRG1euWOlXn4WJxt2VX92VprCa2PpSOXjVCAeK6dTjW9eJRXVig9yGA==,
      }
    engines: { node: ">=20.0.0" }

  "@aws-sdk/lib-dynamodb@3.1048.0":
    resolution:
      {
        integrity: sha512-2HxkJxWBiOmrtuUoJ/oYkYLvbiNYM4MQ0bOAg9y2nycRBGbsVlEsDrLwqLyNFDi1/yCI7ROD4eB22RNU6HeaPg==,
      }
    engines: { node: ">=20.0.0" }
    peerDependencies:
      "@aws-sdk/client-dynamodb": ^3.1048.0

  "@aws-sdk/middleware-bucket-endpoint@3.972.13":
    resolution:
      {
        integrity: sha512-JDaukix+kt5KwF7FzNSkfZHpqiPJajVkKJLJexF6z5B44+CN70BXGiQaCEAiCtKtRZNvC16eF3SY9L0bDJPlbA==,
      }
    engines: { node: ">=20.0.0" }

  "@aws-sdk/middleware-endpoint-discovery@3.972.13":
    resolution:
      {
        integrity: sha512-1r6EkFdSQ4quTP3pW8yWIcYuyDwdwdBxGr+kfuPFYE3DqR+1gBc6NyJneAyoIs+wc/cUfnyJ4ZYC0T2SQTxP9A==,
      }
    engines: { node: ">=20.0.0" }

  "@aws-sdk/middleware-eventstream@3.972.12":
    resolution:
      {
        integrity: sha512-tHTHHCHNrq6XklQvlzHBDJG4Iuhh7NVPRdtmvP+nHFA+5sxPlIDzlAHHgfoYHGvT3NXP1yVP/L5c3opUn6T3Qg==,
      }
    engines: { node: ">=20.0.0" }

  "@aws-sdk/middleware-expect-continue@3.972.12":
    resolution:
      {
        integrity: sha512-dA5pKTom/Ls9mgeyeaRBNQrRIVOLVjv4AmKOB0/e4yaiXEUy0gSz2d3liP8JHtYoCAEWySU1jWnyzwLOREN+4g==,
      }
    engines: { node: ">=20.0.0" }

  "@aws-sdk/middleware-flexible-checksums@3.974.19":
    resolution:
      {
        integrity: sha512-GLciZVIvWM3C+ffuqnUqlAZwRjQdLt+KXiqr9+aRwZyKVyF2J5lrJAzzSqwweNl9hUWBN00BhilWXdMI5DjNcw==,
      }
    engines: { node: ">=20.0.0" }

  "@aws-sdk/middleware-location-constraint@3.972.10":
    resolution:
      {
        integrity: sha512-rI3NZvJcEvjoD0+0PI0iUAwlPw2IlSlhyvgBK/3WkKJQE/YiKFedd9dMN2lVacdNxPNhxL/jzQaKQdrGtQagjQ==,
      }
    engines: { node: ">=20.0.0" }

  "@aws-sdk/middleware-sdk-s3@3.972.40":
    resolution:
      {
        integrity: sha512-vyFY4EsAGySqqd87Z7n4qcCYXJO3QArB8VIJzuupY5XuLHIp579HTZldIUGGABvAOzLptfPb9+lJBJcB+3/cvA==,
      }
    engines: { node: ">=20.0.0" }

  "@aws-sdk/middleware-ssec@3.972.10":
    resolution:
      {
        integrity: sha512-Gli9A0u8EVVb+5bFDGS/QbSVg28w/wpEidg1ggVcSj65BDTdGR6punsOcVjqdiu1i42WHWo51MCvARPIIz9juw==,
      }
    engines: { node: ">=20.0.0" }

  "@aws-sdk/middleware-websocket@3.972.19":
    resolution:
      {
        integrity: sha512-mkEhOGYozqKQkbFaVrjwr0faiwwZza1v5/jSY6Tucm3bD+uKTazIUH/4Yo6aMnQD2ua2W9cMP6s8mvwTcjtqHw==,
      }
    engines: { node: ">= 14.0.0" }

  "@aws-sdk/nested-clients@3.997.9":
    resolution:
      {
        integrity: sha512-jPR3rnmRI4hWYyzfmTGBr7NblMp8QYYeflHXba1H6+7CGrWVqWKQzaXFQ4qbExqPRsXN3T3L3JxFhr6aouXUGQ==,
      }
    engines: { node: ">=20.0.0" }

  "@aws-sdk/s3-request-presigner@3.1048.0":
    resolution:
      {
        integrity: sha512-7/yZh562OhKvwBFS/nVL+7qMecUGO91XfaPfqisWiswtlgoQ4gt4zHn9MuUwoPcIYgdkOO0RucOzcD13u7uJEg==,
      }
    engines: { node: ">=20.0.0" }

  "@aws-sdk/signature-v4-multi-region@3.996.27":
    resolution:
      {
        integrity: sha512-0Phbz4t6HI3D3skxvG2uI+VWU034/nSIw1T8d+FPzzQG9EQTrw94o9mOKO2Gv3n3Oc8P7JD7RAUxkoneLWv5Eg==,
      }
    engines: { node: ">=20.0.0" }

  "@aws-sdk/token-providers@3.1048.0":
    resolution:
      {
        integrity: sha512-k0y/GcuesuSfWyUM0WamrGyeZmltRYaPbHO82UDA6mZ/doB+FOHKutikPAtSXMn/hDz970cF+iRuuiYO9VEbAA==,
      }
    engines: { node: ">=20.0.0" }

  "@aws-sdk/types@3.973.8":
    resolution:
      {
        integrity: sha512-gjlAdtHMbtR9X5iIhVUvbVcy55KnznpC6bkDUWW9z915bi0ckdUr5cjf16Kp6xq0bP5HBD2xzgbL9F9Quv5vUw==,
      }
    engines: { node: ">=20.0.0" }

  "@aws-sdk/util-dynamodb@3.996.2":
    resolution:
      {
        integrity: sha512-ddpwaZmjBzcApYN7lgtAXjk+u+GO8fiPsxzuc59UqP+zqdxI1gsenPvkyiHiF9LnYnyRGijz6oN2JylnN561qQ==,
      }
    engines: { node: ">=20.0.0" }
    peerDependencies:
      "@aws-sdk/client-dynamodb": ^3.1003.0

  "@aws-sdk/util-locate-window@3.965.5":
    resolution:
      {
        integrity: sha512-WhlJNNINQB+9qtLtZJcpQdgZw3SCDCpXdUJP7cToGwHbCWCnRckGlc6Bx/OhWwIYFNAn+FIydY8SZ0QmVu3xTQ==,
      }
    engines: { node: ">=20.0.0" }

  "@aws-sdk/xml-builder@3.972.24":
    resolution:
      {
        integrity: sha512-V8z5YcDPfsvzrBlj0xR1vhRtocblhYbqdreCJB/voGd4Sr5zjNAeWxexbnqVtskTJe0vFb5KMqbSL++ePl+zRw==,
      }
    engines: { node: ">=20.0.0" }

  "@aws/lambda-invoke-store@0.2.4":
    resolution:
      {
        integrity: sha512-iY8yvjE0y651BixKNPgmv1WrQc+GZ142sb0z4gYnChDDY2YqI4P/jsSopBWrKfAt7LOJAkOXt7rC/hms+WclQQ==,
      }
    engines: { node: ">=18.0.0" }

  "@esbuild/aix-ppc64@0.21.5":
    resolution:
      {
        integrity: sha512-1SDgH6ZSPTlggy1yI6+Dbkiz8xzpHJEVAlF/AM1tHPLsf5STom9rwtjE4hKAF20FfXXNTFqEYXyJNWh1GiZedQ==,
      }
    engines: { node: ">=12" }
    cpu: [ppc64]
    os: [aix]

  "@esbuild/android-arm64@0.21.5":
    resolution:
      {
        integrity: sha512-c0uX9VAUBQ7dTDCjq+wdyGLowMdtR/GoC2U5IYk/7D1H1JYC0qseD7+11iMP2mRLN9RcCMRcjC4YMclCzGwS/A==,
      }
    engines: { node: ">=12" }
    cpu: [arm64]
    os: [android]

  "@esbuild/android-arm@0.21.5":
    resolution:
      {
        integrity: sha512-vCPvzSjpPHEi1siZdlvAlsPxXl7WbOVUBBAowWug4rJHb68Ox8KualB+1ocNvT5fjv6wpkX6o/iEpbDrf68zcg==,
      }
    engines: { node: ">=12" }
    cpu: [arm]
    os: [android]

  "@esbuild/android-x64@0.21.5":
    resolution:
      {
        integrity: sha512-D7aPRUUNHRBwHxzxRvp856rjUHRFW1SdQATKXH2hqA0kAZb1hKmi02OpYRacl0TxIGz/ZmXWlbZgjwWYaCakTA==,
      }
    engines: { node: ">=12" }
    cpu: [x64]
    os: [android]

  "@esbuild/darwin-arm64@0.21.5":
    resolution:
      {
        integrity: sha512-DwqXqZyuk5AiWWf3UfLiRDJ5EDd49zg6O9wclZ7kUMv2WRFr4HKjXp/5t8JZ11QbQfUS6/cRCKGwYhtNAY88kQ==,
      }
    engines: { node: ">=12" }
    cpu: [arm64]
    os: [darwin]

  "@esbuild/darwin-x64@0.21.5":
    resolution:
      {
        integrity: sha512-se/JjF8NlmKVG4kNIuyWMV/22ZaerB+qaSi5MdrXtd6R08kvs2qCN4C09miupktDitvh8jRFflwGFBQcxZRjbw==,
      }
    engines: { node: ">=12" }
    cpu: [x64]
    os: [darwin]

  "@esbuild/freebsd-arm64@0.21.5":
    resolution:
      {
        integrity: sha512-5JcRxxRDUJLX8JXp/wcBCy3pENnCgBR9bN6JsY4OmhfUtIHe3ZW0mawA7+RDAcMLrMIZaf03NlQiX9DGyB8h4g==,
      }
    engines: { node: ">=12" }
    cpu: [arm64]
    os: [freebsd]

  "@esbuild/freebsd-x64@0.21.5":
    resolution:
      {
        integrity: sha512-J95kNBj1zkbMXtHVH29bBriQygMXqoVQOQYA+ISs0/2l3T9/kj42ow2mpqerRBxDJnmkUDCaQT/dfNXWX/ZZCQ==,
      }
    engines: { node: ">=12" }
    cpu: [x64]
    os: [freebsd]

  "@esbuild/linux-arm64@0.21.5":
    resolution:
      {
        integrity: sha512-ibKvmyYzKsBeX8d8I7MH/TMfWDXBF3db4qM6sy+7re0YXya+K1cem3on9XgdT2EQGMu4hQyZhan7TeQ8XkGp4Q==,
      }
    engines: { node: ">=12" }
    cpu: [arm64]
    os: [linux]

  "@esbuild/linux-arm@0.21.5":
    resolution:
      {
        integrity: sha512-bPb5AHZtbeNGjCKVZ9UGqGwo8EUu4cLq68E95A53KlxAPRmUyYv2D6F0uUI65XisGOL1hBP5mTronbgo+0bFcA==,
      }
    engines: { node: ">=12" }
    cpu: [arm]
    os: [linux]

  "@esbuild/linux-ia32@0.21.5":
    resolution:
      {
        integrity: sha512-YvjXDqLRqPDl2dvRODYmmhz4rPeVKYvppfGYKSNGdyZkA01046pLWyRKKI3ax8fbJoK5QbxblURkwK/MWY18Tg==,
      }
    engines: { node: ">=12" }
    cpu: [ia32]
    os: [linux]

  "@esbuild/linux-loong64@0.21.5":
    resolution:
      {
        integrity: sha512-uHf1BmMG8qEvzdrzAqg2SIG/02+4/DHB6a9Kbya0XDvwDEKCoC8ZRWI5JJvNdUjtciBGFQ5PuBlpEOXQj+JQSg==,
      }
    engines: { node: ">=12" }
    cpu: [loong64]
    os: [linux]

  "@esbuild/linux-mips64el@0.21.5":
    resolution:
      {
        integrity: sha512-IajOmO+KJK23bj52dFSNCMsz1QP1DqM6cwLUv3W1QwyxkyIWecfafnI555fvSGqEKwjMXVLokcV5ygHW5b3Jbg==,
      }
    engines: { node: ">=12" }
    cpu: [mips64el]
    os: [linux]

  "@esbuild/linux-ppc64@0.21.5":
    resolution:
      {
        integrity: sha512-1hHV/Z4OEfMwpLO8rp7CvlhBDnjsC3CttJXIhBi+5Aj5r+MBvy4egg7wCbe//hSsT+RvDAG7s81tAvpL2XAE4w==,
      }
    engines: { node: ">=12" }
    cpu: [ppc64]
    os: [linux]

  "@esbuild/linux-riscv64@0.21.5":
    resolution:
      {
        integrity: sha512-2HdXDMd9GMgTGrPWnJzP2ALSokE/0O5HhTUvWIbD3YdjME8JwvSCnNGBnTThKGEB91OZhzrJ4qIIxk/SBmyDDA==,
      }
    engines: { node: ">=12" }
    cpu: [riscv64]
    os: [linux]

  "@esbuild/linux-s390x@0.21.5":
    resolution:
      {
        integrity: sha512-zus5sxzqBJD3eXxwvjN1yQkRepANgxE9lgOW2qLnmr8ikMTphkjgXu1HR01K4FJg8h1kEEDAqDcZQtbrRnB41A==,
      }
    engines: { node: ">=12" }
    cpu: [s390x]
    os: [linux]

  "@esbuild/linux-x64@0.21.5":
    resolution:
      {
        integrity: sha512-1rYdTpyv03iycF1+BhzrzQJCdOuAOtaqHTWJZCWvijKD2N5Xu0TtVC8/+1faWqcP9iBCWOmjmhoH94dH82BxPQ==,
      }
    engines: { node: ">=12" }
    cpu: [x64]
    os: [linux]

  "@esbuild/netbsd-x64@0.21.5":
    resolution:
      {
        integrity: sha512-Woi2MXzXjMULccIwMnLciyZH4nCIMpWQAs049KEeMvOcNADVxo0UBIQPfSmxB3CWKedngg7sWZdLvLczpe0tLg==,
      }
    engines: { node: ">=12" }
    cpu: [x64]
    os: [netbsd]

  "@esbuild/openbsd-x64@0.21.5":
    resolution:
      {
        integrity: sha512-HLNNw99xsvx12lFBUwoT8EVCsSvRNDVxNpjZ7bPn947b8gJPzeHWyNVhFsaerc0n3TsbOINvRP2byTZ5LKezow==,
      }
    engines: { node: ">=12" }
    cpu: [x64]
    os: [openbsd]

  "@esbuild/sunos-x64@0.21.5":
    resolution:
      {
        integrity: sha512-6+gjmFpfy0BHU5Tpptkuh8+uw3mnrvgs+dSPQXQOv3ekbordwnzTVEb4qnIvQcYXq6gzkyTnoZ9dZG+D4garKg==,
      }
    engines: { node: ">=12" }
    cpu: [x64]
    os: [sunos]

  "@esbuild/win32-arm64@0.21.5":
    resolution:
      {
        integrity: sha512-Z0gOTd75VvXqyq7nsl93zwahcTROgqvuAcYDUr+vOv8uHhNSKROyU961kgtCD1e95IqPKSQKH7tBTslnS3tA8A==,
      }
    engines: { node: ">=12" }
    cpu: [arm64]
    os: [win32]

  "@esbuild/win32-ia32@0.21.5":
    resolution:
      {
        integrity: sha512-SWXFF1CL2RVNMaVs+BBClwtfZSvDgtL//G/smwAc5oVK/UPu2Gu9tIaRgFmYFFKrmg3SyAjSrElf0TiJ1v8fYA==,
      }
    engines: { node: ">=12" }
    cpu: [ia32]
    os: [win32]

  "@esbuild/win32-x64@0.21.5":
    resolution:
      {
        integrity: sha512-tQd/1efJuzPC6rCFwEvLtci/xNFcTZknmXs98FYDfGE4wP9ClFV98nyKrzJKVPMhdDnjzLhdUyMX4PsQAPjwIw==,
      }
    engines: { node: ">=12" }
    cpu: [x64]
    os: [win32]

  "@nodable/entities@2.1.0":
    resolution:
      {
        integrity: sha512-nyT7T3nbMyBI/lvr6L5TyWbFJAI9FTgVRakNoBqCD+PmID8DzFrrNdLLtHMwMszOtqZa8PAOV24ZqDnQrhQINA==,
      }

  "@smithy/core@3.24.3":
    resolution:
      {
        integrity: sha512-Ep/7tPamGY8mgESE3LyLKtxJyy6U52WWAqr/3wial47Sj4u3PiIF73AOGI27UyLy9duTkhZbgzodOfLV4TduZg==,
      }
    engines: { node: ">=18.0.0" }

  "@smithy/credential-provider-imds@4.3.3":
    resolution:
      {
        integrity: sha512-I2Bti0DKFo2IJyN28ijCsx51BAumEYR4/1yZ1FXyBygy9MqbnMqCev4JPth/MbpRfBSRAX35hITSnAdJRo1u5w==,
      }
    engines: { node: ">=18.0.0" }

  "@smithy/fetch-http-handler@5.4.3":
    resolution:
      {
        integrity: sha512-F+DRf8IJazRJgYog2A/yJK7eYVc0rqTlRzO+5ZxjJd4WkZoKz0IJRncf7G6t1pdVT3kryJcwuTFhN1c5m6N47A==,
      }
    engines: { node: ">=18.0.0" }

  "@smithy/is-array-buffer@2.2.0":
    resolution:
      {
        integrity: sha512-GGP3O9QFD24uGeAXYUjwSTXARoqpZykHadOmA8G5vfJPK0/DC67qa//0qvqrJzL1xc8WQWX7/yc7fwudjPHPhA==,
      }
    engines: { node: ">=14.0.0" }

  "@smithy/node-http-handler@4.7.3":
    resolution:
      {
        integrity: sha512-/jPhevcTFPMVl6KNjbaI47iOg1zxC7IsnX4PQDGVZKMFceOXtB8IEYaB7a9VvkP/3oC60WzTeKocvSI7vLT0vA==,
      }
    engines: { node: ">=18.0.0" }

  "@smithy/signature-v4@5.4.3":
    resolution:
      {
        integrity: sha512-53+75QuPl6DL+ct6vVEB51FDO5oulXr20TPV46VvJZg76lIlXNWfxi8j+G2V/t0I2qxCBOa3vX/8bmjrpFVo9g==,
      }
    engines: { node: ">=18.0.0" }

  "@smithy/types@4.14.2":
    resolution:
      {
        integrity: sha512-P+otAxbV4CqBybp7EkcJCrig63yE2E7PuNVOmilVMRcx/O+QDzGULTrKsq4DV13gSfak9ObPrWaHl/9bL5YcWw==,
      }
    engines: { node: ">=18.0.0" }

  "@smithy/util-buffer-from@2.2.0":
    resolution:
      {
        integrity: sha512-IJdWBbTcMQ6DA0gdNhh/BwrLkDR+ADW5Kr1aZmd4k3DIF6ezMV4R2NIAmT08wQJ3yUK82thHWmC/TnK/wpMMIA==,
      }
    engines: { node: ">=14.0.0" }

  "@smithy/util-utf8@2.3.0":
    resolution:
      {
        integrity: sha512-R8Rdn8Hy72KKcebgLiv8jQcQkXoLMOGGv5uI1/k0l+snqkOzQ1R0ChUBCxWMlBsFMekWjq0wRudIweFs7sKT5A==,
      }
    engines: { node: ">=14.0.0" }

  "@types/aws-lambda@8.10.161":
    resolution:
      {
        integrity: sha512-rUYdp+MQwSFocxIOcSsYSF3YYYC/uUpMbCY/mbO21vGqfrEYvNSoPyKYDj6RhXXpPfS0KstW9RwG3qXh9sL7FQ==,
      }

  "@types/node@20.19.41":
    resolution:
      {
        integrity: sha512-ECymXOukMnOoVkC2bb1Vc/w/836DXncOg5m8Xj1RH7xSHZJWNYY6Zh7EH477vcnD5egKNNfy2RpNOmuChhFPgQ==,
      }

  bowser@2.14.1:
    resolution:
      {
        integrity: sha512-tzPjzCxygAKWFOJP011oxFHs57HzIhOEracIgAePE4pqB3LikALKnSzUyU4MGs9/iCEUuHlAJTjTc5M+u7YEGg==,
      }

  esbuild@0.21.5:
    resolution:
      {
        integrity: sha512-mg3OPMV4hXywwpoDxu3Qda5xCKQi+vCTZq8S9J/EpkhB2HzKXq4SNFZE3+NK93JYxc8VMSep+lOUSC/RVKaBqw==,
      }
    engines: { node: ">=12" }
    hasBin: true

  fast-xml-builder@1.2.0:
    resolution:
      {
        integrity: sha512-00aAWieqff+ZJhsXA4g1g7M8k+7AYoMUUHF+/zFb5U6Uv/P0Vl4QZo84/IcufzYalLuEj9928bXN9PbbFzMF0Q==,
      }

  fast-xml-parser@5.7.3:
    resolution:
      {
        integrity: sha512-C0AaNuC+mscy6vrAQKAc/rMq+zAPHodfHGZu4sGVehvAQt/JLG1O5zEcYcXSY5zSqr4YVgxsB+pHXTq0i7eDlg==,
      }
    hasBin: true

  mnemonist@0.38.3:
    resolution:
      {
        integrity: sha512-2K9QYubXx/NAjv4VLq1d1Ly8pWNC5L3BrixtdkyTegXWJIqY+zLNDhhX/A+ZwWt70tB1S8H4BE8FLYEFyNoOBw==,
      }

  obliterator@1.6.1:
    resolution:
      {
        integrity: sha512-9WXswnqINnnhOG/5SLimUlzuU1hFJUc8zkwyD59Sd+dPOMf05PmnYG/d6Q7HZ+KmgkZJa1PxRso6QdM3sTNHig==,
      }

  path-expression-matcher@1.5.0:
    resolution:
      {
        integrity: sha512-cbrerZV+6rvdQrrD+iGMcZFEiiSrbv9Tfdkvnusy6y0x0GKBXREFg/Y65GhIfm0tnLntThhzCnfKwp1WRjeCyQ==,
      }
    engines: { node: ">=14.0.0" }

  strnum@2.3.0:
    resolution:
      {
        integrity: sha512-ums3KNd42PGyx5xaoVTO1mjU1bH3NpY4vsrVlnv9PNGqQj8wd7rJ6nEypLrJ7z5vxK5RP0yMLo6J/Gsm62DI5Q==,
      }

  tslib@2.8.1:
    resolution:
      {
        integrity: sha512-oJFu94HQb+KVduSUQL7wnpmqnfmLsOA/nAh6b6EH0wCEoK0/mPeXU6c3wKDV83MkOuHPRHtSXKKU99IBazS/2w==,
      }

  typescript@5.9.3:
    resolution:
      {
        integrity: sha512-jl1vZzPDinLr9eUt3J/t7V6FgNEw9QjvBPdysz9KfQDD41fQrC2Y4vKQdiaUpFT4bXlb1RHhLpp8wtm6M5TgSw==,
      }
    engines: { node: ">=14.17" }
    hasBin: true

  undici-types@6.21.0:
    resolution:
      {
        integrity: sha512-iwDZqg0QAGrg9Rav5H4n0M64c3mkR59cJ6wQp+7C4nI0gsmExaedaYLNO44eT4AtBBwjbTiGPMlt2Md0T9H9JQ==,
      }

  xml-naming@0.1.0:
    resolution:
      {
        integrity: sha512-k8KO9hrMyNk6tUWqUfkTEZbezRRpONVOzUTnc97VnCvyj6Tf9lyUR9EDAIeiVLv56jsMcoXEwjW8Kv5yPY52lw==,
      }
    engines: { node: ">=16.0.0" }

snapshots:
  "@aws-crypto/crc32@5.2.0":
    dependencies:
      "@aws-crypto/util": 5.2.0
      "@aws-sdk/types": 3.973.8
      tslib: 2.8.1

  "@aws-crypto/crc32c@5.2.0":
    dependencies:
      "@aws-crypto/util": 5.2.0
      "@aws-sdk/types": 3.973.8
      tslib: 2.8.1

  "@aws-crypto/sha1-browser@5.2.0":
    dependencies:
      "@aws-crypto/supports-web-crypto": 5.2.0
      "@aws-crypto/util": 5.2.0
      "@aws-sdk/types": 3.973.8
      "@aws-sdk/util-locate-window": 3.965.5
      "@smithy/util-utf8": 2.3.0
      tslib: 2.8.1

  "@aws-crypto/sha256-browser@5.2.0":
    dependencies:
      "@aws-crypto/sha256-js": 5.2.0
      "@aws-crypto/supports-web-crypto": 5.2.0
      "@aws-crypto/util": 5.2.0
      "@aws-sdk/types": 3.973.8
      "@aws-sdk/util-locate-window": 3.965.5
      "@smithy/util-utf8": 2.3.0
      tslib: 2.8.1

  "@aws-crypto/sha256-js@5.2.0":
    dependencies:
      "@aws-crypto/util": 5.2.0
      "@aws-sdk/types": 3.973.8
      tslib: 2.8.1

  "@aws-crypto/supports-web-crypto@5.2.0":
    dependencies:
      tslib: 2.8.1

  "@aws-crypto/util@5.2.0":
    dependencies:
      "@aws-sdk/types": 3.973.8
      "@smithy/util-utf8": 2.3.0
      tslib: 2.8.1

  "@aws-sdk/client-bedrock-runtime@3.1048.0":
    dependencies:
      "@aws-crypto/sha256-browser": 5.2.0
      "@aws-crypto/sha256-js": 5.2.0
      "@aws-sdk/core": 3.974.11
      "@aws-sdk/credential-provider-node": 3.972.42
      "@aws-sdk/eventstream-handler-node": 3.972.16
      "@aws-sdk/middleware-eventstream": 3.972.12
      "@aws-sdk/middleware-websocket": 3.972.19
      "@aws-sdk/token-providers": 3.1048.0
      "@aws-sdk/types": 3.973.8
      "@smithy/core": 3.24.3
      "@smithy/fetch-http-handler": 5.4.3
      "@smithy/node-http-handler": 4.7.3
      "@smithy/types": 4.14.2
      tslib: 2.8.1

  "@aws-sdk/client-dynamodb@3.1048.0":
    dependencies:
      "@aws-crypto/sha256-browser": 5.2.0
      "@aws-crypto/sha256-js": 5.2.0
      "@aws-sdk/core": 3.974.11
      "@aws-sdk/credential-provider-node": 3.972.42
      "@aws-sdk/dynamodb-codec": 3.973.11
      "@aws-sdk/middleware-endpoint-discovery": 3.972.13
      "@aws-sdk/types": 3.973.8
      "@smithy/core": 3.24.3
      "@smithy/fetch-http-handler": 5.4.3
      "@smithy/node-http-handler": 4.7.3
      "@smithy/types": 4.14.2
      tslib: 2.8.1

  "@aws-sdk/client-lambda@3.1048.0":
    dependencies:
      "@aws-crypto/sha256-browser": 5.2.0
      "@aws-crypto/sha256-js": 5.2.0
      "@aws-sdk/core": 3.974.11
      "@aws-sdk/credential-provider-node": 3.972.42
      "@aws-sdk/types": 3.973.8
      "@smithy/core": 3.24.3
      "@smithy/fetch-http-handler": 5.4.3
      "@smithy/node-http-handler": 4.7.3
      "@smithy/types": 4.14.2
      tslib: 2.8.1

  "@aws-sdk/client-s3@3.1048.0":
    dependencies:
      "@aws-crypto/sha1-browser": 5.2.0
      "@aws-crypto/sha256-browser": 5.2.0
      "@aws-crypto/sha256-js": 5.2.0
      "@aws-sdk/core": 3.974.11
      "@aws-sdk/credential-provider-node": 3.972.42
      "@aws-sdk/middleware-bucket-endpoint": 3.972.13
      "@aws-sdk/middleware-expect-continue": 3.972.12
      "@aws-sdk/middleware-flexible-checksums": 3.974.19
      "@aws-sdk/middleware-location-constraint": 3.972.10
      "@aws-sdk/middleware-sdk-s3": 3.972.40
      "@aws-sdk/middleware-ssec": 3.972.10
      "@aws-sdk/signature-v4-multi-region": 3.996.27
      "@aws-sdk/types": 3.973.8
      "@smithy/core": 3.24.3
      "@smithy/fetch-http-handler": 5.4.3
      "@smithy/node-http-handler": 4.7.3
      "@smithy/types": 4.14.2
      tslib: 2.8.1

  "@aws-sdk/client-textract@3.1048.0":
    dependencies:
      "@aws-crypto/sha256-browser": 5.2.0
      "@aws-crypto/sha256-js": 5.2.0
      "@aws-sdk/core": 3.974.11
      "@aws-sdk/credential-provider-node": 3.972.42
      "@aws-sdk/types": 3.973.8
      "@smithy/core": 3.24.3
      "@smithy/fetch-http-handler": 5.4.3
      "@smithy/node-http-handler": 4.7.3
      "@smithy/types": 4.14.2
      tslib: 2.8.1

  "@aws-sdk/core@3.974.11":
    dependencies:
      "@aws-sdk/types": 3.973.8
      "@aws-sdk/xml-builder": 3.972.24
      "@aws/lambda-invoke-store": 0.2.4
      "@smithy/core": 3.24.3
      "@smithy/signature-v4": 5.4.3
      "@smithy/types": 4.14.2
      bowser: 2.14.1
      tslib: 2.8.1

  "@aws-sdk/crc64-nvme@3.972.8":
    dependencies:
      "@smithy/types": 4.14.2
      tslib: 2.8.1

  "@aws-sdk/credential-provider-env@3.972.37":
    dependencies:
      "@aws-sdk/core": 3.974.11
      "@aws-sdk/types": 3.973.8
      "@smithy/core": 3.24.3
      "@smithy/types": 4.14.2
      tslib: 2.8.1

  "@aws-sdk/credential-provider-http@3.972.39":
    dependencies:
      "@aws-sdk/core": 3.974.11
      "@aws-sdk/types": 3.973.8
      "@smithy/core": 3.24.3
      "@smithy/fetch-http-handler": 5.4.3
      "@smithy/node-http-handler": 4.7.3
      "@smithy/types": 4.14.2
      tslib: 2.8.1

  "@aws-sdk/credential-provider-ini@3.972.41":
    dependencies:
      "@aws-sdk/core": 3.974.11
      "@aws-sdk/credential-provider-env": 3.972.37
      "@aws-sdk/credential-provider-http": 3.972.39
      "@aws-sdk/credential-provider-login": 3.972.41
      "@aws-sdk/credential-provider-process": 3.972.37
      "@aws-sdk/credential-provider-sso": 3.972.41
      "@aws-sdk/credential-provider-web-identity": 3.972.41
      "@aws-sdk/nested-clients": 3.997.9
      "@aws-sdk/types": 3.973.8
      "@smithy/core": 3.24.3
      "@smithy/credential-provider-imds": 4.3.3
      "@smithy/types": 4.14.2
      tslib: 2.8.1

  "@aws-sdk/credential-provider-login@3.972.41":
    dependencies:
      "@aws-sdk/core": 3.974.11
      "@aws-sdk/nested-clients": 3.997.9
      "@aws-sdk/types": 3.973.8
      "@smithy/core": 3.24.3
      "@smithy/types": 4.14.2
      tslib: 2.8.1

  "@aws-sdk/credential-provider-node@3.972.42":
    dependencies:
      "@aws-sdk/credential-provider-env": 3.972.37
      "@aws-sdk/credential-provider-http": 3.972.39
      "@aws-sdk/credential-provider-ini": 3.972.41
      "@aws-sdk/credential-provider-process": 3.972.37
      "@aws-sdk/credential-provider-sso": 3.972.41
      "@aws-sdk/credential-provider-web-identity": 3.972.41
      "@aws-sdk/types": 3.973.8
      "@smithy/core": 3.24.3
      "@smithy/credential-provider-imds": 4.3.3
      "@smithy/types": 4.14.2
      tslib: 2.8.1

  "@aws-sdk/credential-provider-process@3.972.37":
    dependencies:
      "@aws-sdk/core": 3.974.11
      "@aws-sdk/types": 3.973.8
      "@smithy/core": 3.24.3
      "@smithy/types": 4.14.2
      tslib: 2.8.1

  "@aws-sdk/credential-provider-sso@3.972.41":
    dependencies:
      "@aws-sdk/core": 3.974.11
      "@aws-sdk/nested-clients": 3.997.9
      "@aws-sdk/token-providers": 3.1048.0
      "@aws-sdk/types": 3.973.8
      "@smithy/core": 3.24.3
      "@smithy/types": 4.14.2
      tslib: 2.8.1

  "@aws-sdk/credential-provider-web-identity@3.972.41":
    dependencies:
      "@aws-sdk/core": 3.974.11
      "@aws-sdk/nested-clients": 3.997.9
      "@aws-sdk/types": 3.973.8
      "@smithy/core": 3.24.3
      "@smithy/types": 4.14.2
      tslib: 2.8.1

  "@aws-sdk/dynamodb-codec@3.973.11":
    dependencies:
      "@aws-sdk/core": 3.974.11
      "@smithy/core": 3.24.3
      "@smithy/types": 4.14.2
      tslib: 2.8.1

  "@aws-sdk/endpoint-cache@3.972.5":
    dependencies:
      mnemonist: 0.38.3
      tslib: 2.8.1

  "@aws-sdk/eventstream-handler-node@3.972.16":
    dependencies:
      "@aws-sdk/types": 3.973.8
      "@smithy/core": 3.24.3
      "@smithy/types": 4.14.2
      tslib: 2.8.1

  "@aws-sdk/lib-dynamodb@3.1048.0(@aws-sdk/client-dynamodb@3.1048.0)":
    dependencies:
      "@aws-sdk/client-dynamodb": 3.1048.0
      "@aws-sdk/core": 3.974.11
      "@aws-sdk/util-dynamodb": 3.996.2(@aws-sdk/client-dynamodb@3.1048.0)
      "@smithy/core": 3.24.3
      "@smithy/types": 4.14.2
      tslib: 2.8.1

  "@aws-sdk/middleware-bucket-endpoint@3.972.13":
    dependencies:
      "@aws-sdk/core": 3.974.11
      "@aws-sdk/types": 3.973.8
      "@smithy/core": 3.24.3
      "@smithy/types": 4.14.2
      tslib: 2.8.1

  "@aws-sdk/middleware-endpoint-discovery@3.972.13":
    dependencies:
      "@aws-sdk/endpoint-cache": 3.972.5
      "@aws-sdk/types": 3.973.8
      "@smithy/core": 3.24.3
      "@smithy/types": 4.14.2
      tslib: 2.8.1

  "@aws-sdk/middleware-eventstream@3.972.12":
    dependencies:
      "@aws-sdk/types": 3.973.8
      "@smithy/core": 3.24.3
      "@smithy/types": 4.14.2
      tslib: 2.8.1

  "@aws-sdk/middleware-expect-continue@3.972.12":
    dependencies:
      "@aws-sdk/types": 3.973.8
      "@smithy/core": 3.24.3
      "@smithy/types": 4.14.2
      tslib: 2.8.1

  "@aws-sdk/middleware-flexible-checksums@3.974.19":
    dependencies:
      "@aws-crypto/crc32": 5.2.0
      "@aws-crypto/crc32c": 5.2.0
      "@aws-crypto/util": 5.2.0
      "@aws-sdk/core": 3.974.11
      "@aws-sdk/crc64-nvme": 3.972.8
      "@aws-sdk/types": 3.973.8
      "@smithy/core": 3.24.3
      "@smithy/types": 4.14.2
      tslib: 2.8.1

  "@aws-sdk/middleware-location-constraint@3.972.10":
    dependencies:
      "@aws-sdk/types": 3.973.8
      "@smithy/types": 4.14.2
      tslib: 2.8.1

  "@aws-sdk/middleware-sdk-s3@3.972.40":
    dependencies:
      "@aws-sdk/core": 3.974.11
      "@aws-sdk/signature-v4-multi-region": 3.996.27
      "@aws-sdk/types": 3.973.8
      "@smithy/core": 3.24.3
      "@smithy/signature-v4": 5.4.3
      "@smithy/types": 4.14.2
      tslib: 2.8.1

  "@aws-sdk/middleware-ssec@3.972.10":
    dependencies:
      "@aws-sdk/types": 3.973.8
      "@smithy/types": 4.14.2
      tslib: 2.8.1

  "@aws-sdk/middleware-websocket@3.972.19":
    dependencies:
      "@aws-sdk/core": 3.974.11
      "@aws-sdk/types": 3.973.8
      "@smithy/core": 3.24.3
      "@smithy/fetch-http-handler": 5.4.3
      "@smithy/signature-v4": 5.4.3
      "@smithy/types": 4.14.2
      tslib: 2.8.1

  "@aws-sdk/nested-clients@3.997.9":
    dependencies:
      "@aws-crypto/sha256-browser": 5.2.0
      "@aws-crypto/sha256-js": 5.2.0
      "@aws-sdk/core": 3.974.11
      "@aws-sdk/signature-v4-multi-region": 3.996.27
      "@aws-sdk/types": 3.973.8
      "@smithy/core": 3.24.3
      "@smithy/fetch-http-handler": 5.4.3
      "@smithy/node-http-handler": 4.7.3
      "@smithy/types": 4.14.2
      tslib: 2.8.1

  "@aws-sdk/s3-request-presigner@3.1048.0":
    dependencies:
      "@aws-sdk/core": 3.974.11
      "@aws-sdk/signature-v4-multi-region": 3.996.27
      "@aws-sdk/types": 3.973.8
      "@smithy/core": 3.24.3
      "@smithy/types": 4.14.2
      tslib: 2.8.1

  "@aws-sdk/signature-v4-multi-region@3.996.27":
    dependencies:
      "@aws-sdk/types": 3.973.8
      "@smithy/core": 3.24.3
      "@smithy/signature-v4": 5.4.3
      "@smithy/types": 4.14.2
      tslib: 2.8.1

  "@aws-sdk/token-providers@3.1048.0":
    dependencies:
      "@aws-sdk/core": 3.974.11
      "@aws-sdk/nested-clients": 3.997.9
      "@aws-sdk/types": 3.973.8
      "@smithy/core": 3.24.3
      "@smithy/types": 4.14.2
      tslib: 2.8.1

  "@aws-sdk/types@3.973.8":
    dependencies:
      "@smithy/types": 4.14.2
      tslib: 2.8.1

  "@aws-sdk/util-dynamodb@3.996.2(@aws-sdk/client-dynamodb@3.1048.0)":
    dependencies:
      "@aws-sdk/client-dynamodb": 3.1048.0
      tslib: 2.8.1

  "@aws-sdk/util-locate-window@3.965.5":
    dependencies:
      tslib: 2.8.1

  "@aws-sdk/xml-builder@3.972.24":
    dependencies:
      "@nodable/entities": 2.1.0
      "@smithy/types": 4.14.2
      fast-xml-parser: 5.7.3
      tslib: 2.8.1

  "@aws/lambda-invoke-store@0.2.4": {}

  "@esbuild/aix-ppc64@0.21.5":
    optional: true

  "@esbuild/android-arm64@0.21.5":
    optional: true

  "@esbuild/android-arm@0.21.5":
    optional: true

  "@esbuild/android-x64@0.21.5":
    optional: true

  "@esbuild/darwin-arm64@0.21.5":
    optional: true

  "@esbuild/darwin-x64@0.21.5":
    optional: true

  "@esbuild/freebsd-arm64@0.21.5":
    optional: true

  "@esbuild/freebsd-x64@0.21.5":
    optional: true

  "@esbuild/linux-arm64@0.21.5":
    optional: true

  "@esbuild/linux-arm@0.21.5":
    optional: true

  "@esbuild/linux-ia32@0.21.5":
    optional: true

  "@esbuild/linux-loong64@0.21.5":
    optional: true

  "@esbuild/linux-mips64el@0.21.5":
    optional: true

  "@esbuild/linux-ppc64@0.21.5":
    optional: true

  "@esbuild/linux-riscv64@0.21.5":
    optional: true

  "@esbuild/linux-s390x@0.21.5":
    optional: true

  "@esbuild/linux-x64@0.21.5":
    optional: true

  "@esbuild/netbsd-x64@0.21.5":
    optional: true

  "@esbuild/openbsd-x64@0.21.5":
    optional: true

  "@esbuild/sunos-x64@0.21.5":
    optional: true

  "@esbuild/win32-arm64@0.21.5":
    optional: true

  "@esbuild/win32-ia32@0.21.5":
    optional: true

  "@esbuild/win32-x64@0.21.5":
    optional: true

  "@nodable/entities@2.1.0": {}

  "@smithy/core@3.24.3":
    dependencies:
      "@aws-crypto/crc32": 5.2.0
      "@smithy/types": 4.14.2
      tslib: 2.8.1

  "@smithy/credential-provider-imds@4.3.3":
    dependencies:
      "@smithy/core": 3.24.3
      "@smithy/types": 4.14.2
      tslib: 2.8.1

  "@smithy/fetch-http-handler@5.4.3":
    dependencies:
      "@smithy/core": 3.24.3
      "@smithy/types": 4.14.2
      tslib: 2.8.1

  "@smithy/is-array-buffer@2.2.0":
    dependencies:
      tslib: 2.8.1

  "@smithy/node-http-handler@4.7.3":
    dependencies:
      "@smithy/core": 3.24.3
      "@smithy/types": 4.14.2
      tslib: 2.8.1

  "@smithy/signature-v4@5.4.3":
    dependencies:
      "@smithy/core": 3.24.3
      "@smithy/types": 4.14.2
      tslib: 2.8.1

  "@smithy/types@4.14.2":
    dependencies:
      tslib: 2.8.1

  "@smithy/util-buffer-from@2.2.0":
    dependencies:
      "@smithy/is-array-buffer": 2.2.0
      tslib: 2.8.1

  "@smithy/util-utf8@2.3.0":
    dependencies:
      "@smithy/util-buffer-from": 2.2.0
      tslib: 2.8.1

  "@types/aws-lambda@8.10.161": {}

  "@types/node@20.19.41":
    dependencies:
      undici-types: 6.21.0

  bowser@2.14.1: {}

  esbuild@0.21.5:
    optionalDependencies:
      "@esbuild/aix-ppc64": 0.21.5
      "@esbuild/android-arm": 0.21.5
      "@esbuild/android-arm64": 0.21.5
      "@esbuild/android-x64": 0.21.5
      "@esbuild/darwin-arm64": 0.21.5
      "@esbuild/darwin-x64": 0.21.5
      "@esbuild/freebsd-arm64": 0.21.5
      "@esbuild/freebsd-x64": 0.21.5
      "@esbuild/linux-arm": 0.21.5
      "@esbuild/linux-arm64": 0.21.5
      "@esbuild/linux-ia32": 0.21.5
      "@esbuild/linux-loong64": 0.21.5
      "@esbuild/linux-mips64el": 0.21.5
      "@esbuild/linux-ppc64": 0.21.5
      "@esbuild/linux-riscv64": 0.21.5
      "@esbuild/linux-s390x": 0.21.5
      "@esbuild/linux-x64": 0.21.5
      "@esbuild/netbsd-x64": 0.21.5
      "@esbuild/openbsd-x64": 0.21.5
      "@esbuild/sunos-x64": 0.21.5
      "@esbuild/win32-arm64": 0.21.5
      "@esbuild/win32-ia32": 0.21.5
      "@esbuild/win32-x64": 0.21.5

  fast-xml-builder@1.2.0:
    dependencies:
      path-expression-matcher: 1.5.0
      xml-naming: 0.1.0

  fast-xml-parser@5.7.3:
    dependencies:
      "@nodable/entities": 2.1.0
      fast-xml-builder: 1.2.0
      path-expression-matcher: 1.5.0
      strnum: 2.3.0

  mnemonist@0.38.3:
    dependencies:
      obliterator: 1.6.1

  obliterator@1.6.1: {}

  path-expression-matcher@1.5.0: {}

  strnum@2.3.0: {}

  tslib@2.8.1: {}

  typescript@5.9.3: {}

  undici-types@6.21.0: {}

  xml-naming@0.1.0: {}

